{
  "name": "cheating-analysis",
  "version": "1.0.0",
  "lockfileVersion": 1,
  "requires": true,
  "dependencies": {
    "@lachenmayer/longest-common-subsequence": {
      "version": "1.0.1",
      "resolved": "https://registry.npmjs.org/@lachenmayer/longest-common-subsequence/-/longest-common-subsequence-1.0.1.tgz",
      "integrity": "sha512-88aoUbJx4OEsePY5StZ6qVtzie9i6l8v4kY/ZSIxqqMA/MxSy8S2kwZaTCKcjmOm+bD/5MsP3ISTPqZUH4HRTQ=="
    },
    "csv-parse": {
      "version": "4.16.3",
      "resolved": "https://registry.npmjs.org/csv-parse/-/csv-parse-4.16.3.tgz",
      "integrity": "sha512-cO1I/zmz4w2dcKHVvpCr7JVRu8/FymG5OEpmvsZYlccYolPBLoVGKUHgNoc4ZGkFeFlWGEDmMyBM+TTqRdW/wg=="
    },
    "diff": {
      "version": "5.0.0",
      "resolved": "https://registry.npmjs.org/diff/-/diff-5.0.0.tgz",
      "integrity": "sha512-/VTCrvm5Z0JGty/BWHljh+BAiw3IK+2j87NGMu8Nwc/f48WoDAC395uomO9ZD117ZOBaHmkX1oyLvkVM/aIT3w=="
    },
    "node-lcs": {
      "version": "1.0.3",
      "resolved": "https://registry.npmjs.org/node-lcs/-/node-lcs-1.0.3.tgz",
      "integrity": "sha512-UwZJgvHAaS+JXW188mbxBd1ORE9Vy/IER4djUe+gm7vb3I+gDww4m60IpKPoGJyQHXGZz2IFGO8vKp0cV50AsQ=="
    },
    "string-algorithms": {
      "version": "1.0.31",
      "resolved": "https://registry.npmjs.org/string-algorithms/-/string-algorithms-1.0.31.tgz",
      "integrity": "sha512-v+gdi7yfXsSGj2RU64AMR8LJyBnwpDSuJLsQxezu9ZgdYZF+g5vEGyuCeN47OoAObrEvt8VFKmj3NYCzXRBbnw=="
    }
  }
}
